
Microsoft Visual Studio Solution File, Format Version 12.00
# Visual Studio Version 17
VisualStudioVersion = 17.8.34330.188
MinimumVisualStudioVersion = 10.0.40219.1
Project("{FAE04EC0-301F-11D3-BF4B-00C04F79EFBC}") = "LabBowlingExample", "LabBowlingExample\LabBowlingExample.csproj", "{49A01225-8BD1-4C15-A5D7-A0BA784699B6}"
EndProject
Global
	GlobalSection(SolutionConfigurationPlatforms) = preSolution
		Debug|Any CPU = Debug|Any CPU
		Release|Any CPU = Release|Any CPU
	EndGlobalSection
	GlobalSection(ProjectConfigurationPlatforms) = postSolution
		{49A01225-8BD1-4C15-A5D7-A0BA784699B6}.Debug|Any CPU.ActiveCfg = Debug|Any CPU
		{49A01225-8BD1-4C15-A5D7-A0BA784699B6}.Debug|Any CPU.Build.0 = Debug|Any CPU
		{49A01225-8BD1-4C15-A5D7-A0BA784699B6}.Release|Any CPU.ActiveCfg = Release|Any CPU
		{49A01225-8BD1-4C15-A5D7-A0BA784699B6}.Release|Any CPU.Build.0 = Release|Any CPU
	EndGlobalSection
	GlobalSection(SolutionProperties) = preSolution
		HideSolutionNode = FALSE
	EndGlobalSection
	GlobalSection(ExtensibilityGlobals) = postSolution
		SolutionGuid = {4482F737-3BA9-4E05-A073-A04F90E2568F}
	EndGlobalSection
EndGlobal
